
Microsoft Visual Studio Solution File, Format Version 12.00
# Visual Studio Version 16
VisualStudioVersion = 16.0.30621.155
MinimumVisualStudioVersion = 10.0.40219.1
Project("{8BC9CEB8-8B4A-11D0-8D11-00A0C91BC942}") = "Point2D", "Point2D.vcxproj", "{3E1D6D1D-EA52-4B70-A700-4000E653B97B}"
EndProject
Global
	GlobalSection(SolutionConfigurationPlatforms) = preSolution
		Debug|x64 = Debug|x64
		Debug|x86 = Debug|x86
		Release|x64 = Release|x64
		Release|x86 = Release|x86
	EndGlobalSection
	GlobalSection(ProjectConfigurationPlatforms) = postSolution
		{3E1D6D1D-EA52-4B70-A700-4000E653B97B}.Debug|x64.ActiveCfg = Debug|x64
		{3E1D6D1D-EA52-4B70-A700-4000E653B97B}.Debug|x64.Build.0 = Debug|x64
		{3E1D6D1D-EA52-4B70-A700-4000E653B97B}.Debug|x86.ActiveCfg = Debug|Win32
		{3E1D6D1D-EA52-4B70-A700-4000E653B97B}.Debug|x86.Build.0 = Debug|Win32
		{3E1D6D1D-EA52-4B70-A700-4000E653B97B}.Release|x64.ActiveCfg = Release|x64
		{3E1D6D1D-EA52-4B70-A700-4000E653B97B}.Release|x64.Build.0 = Release|x64
		{3E1D6D1D-EA52-4B70-A700-4000E653B97B}.Release|x86.ActiveCfg = Release|Win32
		{3E1D6D1D-EA52-4B70-A700-4000E653B97B}.Release|x86.Build.0 = Release|Win32
	EndGlobalSection
	GlobalSection(SolutionProperties) = preSolution
		HideSolutionNode = FALSE
	EndGlobalSection
	GlobalSection(ExtensibilityGlobals) = postSolution
		SolutionGuid = {393787E9-4024-48F7-988C-5664A4612ED0}
	EndGlobalSection
EndGlobal
